{
  "name": "midi",
  "version": "1.0.0",
  "lockfileVersion": 1,
  "requires": true,
  "dependencies": {
    "webmidi": {
      "version": "2.0.0-rc.5",
      "resolved": "https://registry.npmjs.org/webmidi/-/webmidi-2.0.0-rc.5.tgz",
      "integrity": "sha1-iB6p/dNMYWIirxROO5ydDNrxHhw="
    }
  }
}
